<?xml version="1.0" encoding="UTF-8" standalone="yes" ?>
<CodeBlocks_project_file>
	<FileVersion major="1" minor="6" />
	<Project>
		<Option title="TheGame2" />
		<Option pch_mode="2" />
		<Option compiler="gcc" />
		<Build>
			<Target title="Debug">
				<Option output="bin/Debug/TheGame2" prefix_auto="1" extension_auto="1" />
				<Option object_output="obj/Debug/" />
				<Option type="0" />
				<Option compiler="gcc" />
				<Compiler>
					<Add option="-fexpensive-optimizations" />
					<Add option="-O3" />
					<Add option="-O2" />
					<Add option="-O1" />
					<Add option="-O" />
					<Add option="-pg" />
					<Add option="-g" />
				</Compiler>
				<Linker>
					<Add option="-pg -lgmon" />
				</Linker>
			</Target>
			<Target title="Release">
				<Option output="bin/Release/TheGame2" prefix_auto="1" extension_auto="1" />
				<Option object_output="obj/Release/" />
				<Option type="0" />
				<Option compiler="gcc" />
				<Compiler>
					<Add option="-fomit-frame-pointer" />
					<Add option="-fexpensive-optimizations" />
					<Add option="-O3" />
					<Add option="-O2" />
					<Add option="-O1" />
					<Add option="-O" />
				</Compiler>
				<Linker>
					<Add option="-s" />
					<Add library="opengl32" />
					<Add library="glu32" />
					<Add library="sdl" />
					<Add library="SDLMain" />
				</Linker>
			</Target>
		</Build>
		<Compiler>
			<Add option="-march=core2" />
			<Add option="-Wall" />
		</Compiler>
		<Linker>
			<Add option="-lmingw32 -lSDLmain -lSDL" />
			<Add option="-lopengl32 -lglu32" />
		</Linker>
		<Unit filename="Animation.cpp" />
		<Unit filename="Animation.h" />
		<Unit filename="ExplodeAnimation.cpp" />
		<Unit filename="ExplodeAnimation.h" />
		<Unit filename="GLHelper.cpp" />
		<Unit filename="GLHelper.h" />
		<Unit filename="IO.cpp" />
		<Unit filename="IO.h" />
		<Unit filename="Laser.h" />
		<Unit filename="Main.cpp" />
		<Unit filename="Model.cpp" />
		<Unit filename="camera.cpp" />
		<Unit filename="camera.h" />
		<Unit filename="constants.h" />
		<Unit filename="enemyShip.cpp" />
		<Unit filename="enemyShip.h" />
		<Unit filename="enemyWave.cpp" />
		<Unit filename="enemyWave.h" />
		<Unit filename="gameController.cpp" />
		<Unit filename="gameController.h" />
		<Unit filename="gameObject.cpp" />
		<Unit filename="gameObject.h" />
		<Unit filename="glRender.cpp" />
		<Unit filename="globals.cpp" />
		<Unit filename="globals.h" />
		<Unit filename="glrender.h" />
		<Unit filename="imports.h">
			<Option target="&lt;{~None~}&gt;" />
		</Unit>
		<Unit filename="laser.cpp" />
		<Unit filename="math.cpp" />
		<Unit filename="math.h">
			<Option target="&lt;{~None~}&gt;" />
		</Unit>
		<Unit filename="outline.cpp" />
		<Unit filename="outline.h" />
		<Unit filename="perlin3d.cpp" />
		<Unit filename="perlin3d.h">
			<Option target="&lt;{~None~}&gt;" />
		</Unit>
		<Unit filename="playerShip.cpp" />
		<Unit filename="playerShip.h" />
		<Unit filename="structs.h" />
		<Unit filename="terrain.cpp" />
		<Unit filename="terrain.h" />
		<Unit filename="testEnemyWave1.cpp" />
		<Unit filename="testEnemyWave1.h" />
		<Unit filename="trace.cpp" />
		<Unit filename="trace.h" />
		<Unit filename="vec3f.cpp" />
		<Extensions>
			<code_completion />
			<envvars />
			<debugger />
			<lib_finder disable_auto="1" />
			<DoxyBlocks>
				<comment_style block="0" line="0" />
				<doxyfile_project />
				<doxyfile_build />
				<doxyfile_warnings />
				<doxyfile_output />
				<doxyfile_dot />
				<general />
			</DoxyBlocks>
		</Extensions>
	</Project>
</CodeBlocks_project_file>
